// !$*UTF8*$!
{
	archiveVersion = 1;
	classes = {
	};
	objectVersion = 46;
	objects = {

/* Begin PBXBuildFile section */
		A90205471EA6BE3E0001CDCD /* main.cpp in Sources */ = {isa = PBXBuildFile; fileRef = A90205461EA6BE3E0001CDCD /* main.cpp */; };
		A938F5941EA7CB910061C73A /* moduleOne.cpp in Sources */ = {isa = PBXBuildFile; fileRef = A938F5921EA7CB910061C73A /* moduleOne.cpp */; };
		A96B01061EC4892700D23B0F /* libsystemc.dylib in Frameworks */ = {isa = PBXBuildFile; fileRef = A938F5901EA7CA800061C73A /* libsystemc.dylib */; };
		A9BBB6E51EC4610600CCBB83 /* processor.cpp in Sources */ = {isa = PBXBuildFile; fileRef = A9BBB6D01EC4610600CCBB83 /* processor.cpp */; };
		A9BBB6E61EC4610600CCBB83 /* sc_main.cpp in Sources */ = {isa = PBXBuildFile; fileRef = A9BBB6D21EC4610600CCBB83 /* sc_main.cpp */; };
		A9BBB6E71EC4610600CCBB83 /* simple_bus_arbiter.cpp in Sources */ = {isa = PBXBuildFile; fileRef = A9BBB6D41EC4610600CCBB83 /* simple_bus_arbiter.cpp */; };
		A9BBB6E81EC4610600CCBB83 /* simple_bus_tools.cpp in Sources */ = {isa = PBXBuildFile; fileRef = A9BBB6DC1EC4610600CCBB83 /* simple_bus_tools.cpp */; };
		A9BBB6E91EC4610600CCBB83 /* simple_bus_types.cpp in Sources */ = {isa = PBXBuildFile; fileRef = A9BBB6DD1EC4610600CCBB83 /* simple_bus_types.cpp */; };
		A9BBB6EA1EC4610600CCBB83 /* simple_bus.cpp in Sources */ = {isa = PBXBuildFile; fileRef = A9BBB6DF1EC4610600CCBB83 /* simple_bus.cpp */; };
		A9BBB6EB1EC4610600CCBB83 /* sub_processor.cpp in Sources */ = {isa = PBXBuildFile; fileRef = A9BBB6E11EC4610600CCBB83 /* sub_processor.cpp */; };
		A9BBB6EC1EC4610600CCBB83 /* top.cpp in Sources */ = {isa = PBXBuildFile; fileRef = A9BBB6E31EC4610600CCBB83 /* top.cpp */; };
		A9BBB6EF1EC4615B00CCBB83 /* main_processor.cpp in Sources */ = {isa = PBXBuildFile; fileRef = A9BBB6ED1EC4615B00CCBB83 /* main_processor.cpp */; };
		A9BBB6F31EC4617400CCBB83 /* display.cpp in Sources */ = {isa = PBXBuildFile; fileRef = A9BBB6F01EC4617400CCBB83 /* display.cpp */; };
/* End PBXBuildFile section */

/* Begin PBXCopyFilesBuildPhase section */
		A90205411EA6BE3D0001CDCD /* CopyFiles */ = {
			isa = PBXCopyFilesBuildPhase;
			buildActionMask = 2147483647;
			dstPath = /usr/share/man/man1/;
			dstSubfolderSpec = 0;
			files = (
			);
			runOnlyForDeploymentPostprocessing = 1;
		};
/* End PBXCopyFilesBuildPhase section */

/* Begin PBXFileReference section */
		A90205431EA6BE3E0001CDCD /* SW_PROJECT */ = {isa = PBXFileReference; explicitFileType = "compiled.mach-o.executable"; includeInIndex = 0; path = SW_PROJECT; sourceTree = BUILT_PRODUCTS_DIR; };
		A90205461EA6BE3E0001CDCD /* main.cpp */ = {isa = PBXFileReference; lastKnownFileType = sourcecode.cpp.cpp; path = main.cpp; sourceTree = "<group>"; };
		A938F5901EA7CA800061C73A /* libsystemc.dylib */ = {isa = PBXFileReference; lastKnownFileType = "compiled.mach-o.dylib"; name = libsystemc.dylib; path = "../../../../usr/local/systemc231a/lib-macosx64/libsystemc.dylib"; sourceTree = "<group>"; };
		A938F5921EA7CB910061C73A /* moduleOne.cpp */ = {isa = PBXFileReference; fileEncoding = 4; lastKnownFileType = sourcecode.cpp.cpp; path = moduleOne.cpp; sourceTree = "<group>"; };
		A938F5931EA7CB910061C73A /* moduleOne.hpp */ = {isa = PBXFileReference; fileEncoding = 4; lastKnownFileType = sourcecode.cpp.h; path = moduleOne.hpp; sourceTree = "<group>"; };
		A9BBB6D01EC4610600CCBB83 /* processor.cpp */ = {isa = PBXFileReference; fileEncoding = 4; lastKnownFileType = sourcecode.cpp.cpp; path = processor.cpp; sourceTree = "<group>"; };
		A9BBB6D11EC4610600CCBB83 /* processor.h */ = {isa = PBXFileReference; fileEncoding = 4; lastKnownFileType = sourcecode.c.h; path = processor.h; sourceTree = "<group>"; };
		A9BBB6D21EC4610600CCBB83 /* sc_main.cpp */ = {isa = PBXFileReference; fileEncoding = 4; lastKnownFileType = sourcecode.cpp.cpp; path = sc_main.cpp; sourceTree = "<group>"; };
		A9BBB6D31EC4610600CCBB83 /* simple_bus_arbiter_if.h */ = {isa = PBXFileReference; fileEncoding = 4; lastKnownFileType = sourcecode.c.h; path = simple_bus_arbiter_if.h; sourceTree = "<group>"; };
		A9BBB6D41EC4610600CCBB83 /* simple_bus_arbiter.cpp */ = {isa = PBXFileReference; fileEncoding = 4; lastKnownFileType = sourcecode.cpp.cpp; path = simple_bus_arbiter.cpp; sourceTree = "<group>"; };
		A9BBB6D51EC4610600CCBB83 /* simple_bus_arbiter.h */ = {isa = PBXFileReference; fileEncoding = 4; lastKnownFileType = sourcecode.c.h; path = simple_bus_arbiter.h; sourceTree = "<group>"; };
		A9BBB6D61EC4610600CCBB83 /* simple_bus_blocking_if.h */ = {isa = PBXFileReference; fileEncoding = 4; lastKnownFileType = sourcecode.c.h; path = simple_bus_blocking_if.h; sourceTree = "<group>"; };
		A9BBB6D71EC4610600CCBB83 /* simple_bus_direct_if.h */ = {isa = PBXFileReference; fileEncoding = 4; lastKnownFileType = sourcecode.c.h; path = simple_bus_direct_if.h; sourceTree = "<group>"; };
		A9BBB6D81EC4610600CCBB83 /* simple_bus_fast_mem.h */ = {isa = PBXFileReference; fileEncoding = 4; lastKnownFileType = sourcecode.c.h; path = simple_bus_fast_mem.h; sourceTree = "<group>"; };
		A9BBB6D91EC4610600CCBB83 /* simple_bus_non_blocking_if.h */ = {isa = PBXFileReference; fileEncoding = 4; lastKnownFileType = sourcecode.c.h; path = simple_bus_non_blocking_if.h; sourceTree = "<group>"; };
		A9BBB6DA1EC4610600CCBB83 /* simple_bus_request.h */ = {isa = PBXFileReference; fileEncoding = 4; lastKnownFileType = sourcecode.c.h; path = simple_bus_request.h; sourceTree = "<group>"; };
		A9BBB6DB1EC4610600CCBB83 /* simple_bus_slave_if.h */ = {isa = PBXFileReference; fileEncoding = 4; lastKnownFileType = sourcecode.c.h; path = simple_bus_slave_if.h; sourceTree = "<group>"; };
		A9BBB6DC1EC4610600CCBB83 /* simple_bus_tools.cpp */ = {isa = PBXFileReference; fileEncoding = 4; lastKnownFileType = sourcecode.cpp.cpp; path = simple_bus_tools.cpp; sourceTree = "<group>"; };
		A9BBB6DD1EC4610600CCBB83 /* simple_bus_types.cpp */ = {isa = PBXFileReference; fileEncoding = 4; lastKnownFileType = sourcecode.cpp.cpp; path = simple_bus_types.cpp; sourceTree = "<group>"; };
		A9BBB6DE1EC4610600CCBB83 /* simple_bus_types.h */ = {isa = PBXFileReference; fileEncoding = 4; lastKnownFileType = sourcecode.c.h; path = simple_bus_types.h; sourceTree = "<group>"; };
		A9BBB6DF1EC4610600CCBB83 /* simple_bus.cpp */ = {isa = PBXFileReference; fileEncoding = 4; lastKnownFileType = sourcecode.cpp.cpp; path = simple_bus.cpp; sourceTree = "<group>"; };
		A9BBB6E01EC4610600CCBB83 /* simple_bus.h */ = {isa = PBXFileReference; fileEncoding = 4; lastKnownFileType = sourcecode.c.h; path = simple_bus.h; sourceTree = "<group>"; };
		A9BBB6E11EC4610600CCBB83 /* sub_processor.cpp */ = {isa = PBXFileReference; fileEncoding = 4; lastKnownFileType = sourcecode.cpp.cpp; path = sub_processor.cpp; sourceTree = "<group>"; };
		A9BBB6E21EC4610600CCBB83 /* sub_processor.h */ = {isa = PBXFileReference; fileEncoding = 4; lastKnownFileType = sourcecode.c.h; path = sub_processor.h; sourceTree = "<group>"; };
		A9BBB6E31EC4610600CCBB83 /* top.cpp */ = {isa = PBXFileReference; fileEncoding = 4; lastKnownFileType = sourcecode.cpp.cpp; path = top.cpp; sourceTree = "<group>"; };
		A9BBB6E41EC4610600CCBB83 /* top.h */ = {isa = PBXFileReference; fileEncoding = 4; lastKnownFileType = sourcecode.c.h; path = top.h; sourceTree = "<group>"; };
		A9BBB6ED1EC4615B00CCBB83 /* main_processor.cpp */ = {isa = PBXFileReference; fileEncoding = 4; lastKnownFileType = sourcecode.cpp.cpp; path = main_processor.cpp; sourceTree = "<group>"; };
		A9BBB6EE1EC4615B00CCBB83 /* main_processor.h */ = {isa = PBXFileReference; fileEncoding = 4; lastKnownFileType = sourcecode.c.h; path = main_processor.h; sourceTree = "<group>"; };
		A9BBB6F01EC4617400CCBB83 /* display.cpp */ = {isa = PBXFileReference; fileEncoding = 4; lastKnownFileType = sourcecode.cpp.cpp; path = display.cpp; sourceTree = "<group>"; };
		A9BBB6F11EC4617400CCBB83 /* display.h */ = {isa = PBXFileReference; fileEncoding = 4; lastKnownFileType = sourcecode.c.h; path = display.h; sourceTree = "<group>"; };
		A9BBB6F21EC4617400CCBB83 /* function.h */ = {isa = PBXFileReference; fileEncoding = 4; lastKnownFileType = sourcecode.c.h; path = function.h; sourceTree = "<group>"; };
/* End PBXFileReference section */

/* Begin PBXFrameworksBuildPhase section */
		A90205401EA6BE3D0001CDCD /* Frameworks */ = {
			isa = PBXFrameworksBuildPhase;
			buildActionMask = 2147483647;
			files = (
				A96B01061EC4892700D23B0F /* libsystemc.dylib in Frameworks */,
			);
			runOnlyForDeploymentPostprocessing = 0;
		};
/* End PBXFrameworksBuildPhase section */

/* Begin PBXGroup section */
		A902053A1EA6BE3D0001CDCD = {
			isa = PBXGroup;
			children = (
				A90205451EA6BE3E0001CDCD /* SW_PROJECT */,
				A90205441EA6BE3E0001CDCD /* Products */,
				A938F58F1EA7CA800061C73A /* Frameworks */,
			);
			sourceTree = "<group>";
		};
		A90205441EA6BE3E0001CDCD /* Products */ = {
			isa = PBXGroup;
			children = (
				A90205431EA6BE3E0001CDCD /* SW_PROJECT */,
			);
			name = Products;
			sourceTree = "<group>";
		};
		A90205451EA6BE3E0001CDCD /* SW_PROJECT */ = {
			isa = PBXGroup;
			children = (
				A9BBB6F01EC4617400CCBB83 /* display.cpp */,
				A9BBB6F11EC4617400CCBB83 /* display.h */,
				A9BBB6F21EC4617400CCBB83 /* function.h */,
				A9BBB6ED1EC4615B00CCBB83 /* main_processor.cpp */,
				A9BBB6EE1EC4615B00CCBB83 /* main_processor.h */,
				A9BBB6D01EC4610600CCBB83 /* processor.cpp */,
				A9BBB6D11EC4610600CCBB83 /* processor.h */,
				A9BBB6D21EC4610600CCBB83 /* sc_main.cpp */,
				A9BBB6D31EC4610600CCBB83 /* simple_bus_arbiter_if.h */,
				A9BBB6D41EC4610600CCBB83 /* simple_bus_arbiter.cpp */,
				A9BBB6D51EC4610600CCBB83 /* simple_bus_arbiter.h */,
				A9BBB6D61EC4610600CCBB83 /* simple_bus_blocking_if.h */,
				A9BBB6D71EC4610600CCBB83 /* simple_bus_direct_if.h */,
				A9BBB6D81EC4610600CCBB83 /* simple_bus_fast_mem.h */,
				A9BBB6D91EC4610600CCBB83 /* simple_bus_non_blocking_if.h */,
				A9BBB6DA1EC4610600CCBB83 /* simple_bus_request.h */,
				A9BBB6DB1EC4610600CCBB83 /* simple_bus_slave_if.h */,
				A9BBB6DC1EC4610600CCBB83 /* simple_bus_tools.cpp */,
				A9BBB6DD1EC4610600CCBB83 /* simple_bus_types.cpp */,
				A9BBB6DE1EC4610600CCBB83 /* simple_bus_types.h */,
				A9BBB6DF1EC4610600CCBB83 /* simple_bus.cpp */,
				A9BBB6E01EC4610600CCBB83 /* simple_bus.h */,
				A9BBB6E11EC4610600CCBB83 /* sub_processor.cpp */,
				A9BBB6E21EC4610600CCBB83 /* sub_processor.h */,
				A9BBB6E31EC4610600CCBB83 /* top.cpp */,
				A9BBB6E41EC4610600CCBB83 /* top.h */,
				A90205461EA6BE3E0001CDCD /* main.cpp */,
				A938F5921EA7CB910061C73A /* moduleOne.cpp */,
				A938F5931EA7CB910061C73A /* moduleOne.hpp */,
			);
			path = SW_PROJECT;
			sourceTree = "<group>";
		};
		A938F58F1EA7CA800061C73A /* Frameworks */ = {
			isa = PBXGroup;
			children = (
				A938F5901EA7CA800061C73A /* libsystemc.dylib */,
			);
			name = Frameworks;
			sourceTree = "<group>";
		};
/* End PBXGroup section */

/* Begin PBXNativeTarget section */
		A90205421EA6BE3D0001CDCD /* SW_PROJECT */ = {
			isa = PBXNativeTarget;
			buildConfigurationList = A902054A1EA6BE3E0001CDCD /* Build configuration list for PBXNativeTarget "SW_PROJECT" */;
			buildPhases = (
				A902053F1EA6BE3D0001CDCD /* Sources */,
				A90205401EA6BE3D0001CDCD /* Frameworks */,
				A90205411EA6BE3D0001CDCD /* CopyFiles */,
			);
			buildRules = (
			);
			dependencies = (
			);
			name = SW_PROJECT;
			productName = SW_PROJECT;
			productReference = A90205431EA6BE3E0001CDCD /* SW_PROJECT */;
			productType = "com.apple.product-type.tool";
		};
/* End PBXNativeTarget section */

/* Begin PBXProject section */
		A902053B1EA6BE3D0001CDCD /* Project object */ = {
			isa = PBXProject;
			attributes = {
				LastUpgradeCheck = 0810;
				ORGANIZATIONNAME = "Sarata Bartlomiej";
				TargetAttributes = {
					A90205421EA6BE3D0001CDCD = {
						CreatedOnToolsVersion = 8.1;
						DevelopmentTeam = 3X76KZ62FY;
						ProvisioningStyle = Automatic;
					};
				};
			};
			buildConfigurationList = A902053E1EA6BE3D0001CDCD /* Build configuration list for PBXProject "SW_PROJECT" */;
			compatibilityVersion = "Xcode 3.2";
			developmentRegion = English;
			hasScannedForEncodings = 0;
			knownRegions = (
				en,
			);
			mainGroup = A902053A1EA6BE3D0001CDCD;
			productRefGroup = A90205441EA6BE3E0001CDCD /* Products */;
			projectDirPath = "";
			projectRoot = "";
			targets = (
				A90205421EA6BE3D0001CDCD /* SW_PROJECT */,
			);
		};
/* End PBXProject section */

/* Begin PBXSourcesBuildPhase section */
		A902053F1EA6BE3D0001CDCD /* Sources */ = {
			isa = PBXSourcesBuildPhase;
			buildActionMask = 2147483647;
			files = (
				A9BBB6E91EC4610600CCBB83 /* simple_bus_types.cpp in Sources */,
				A9BBB6E81EC4610600CCBB83 /* simple_bus_tools.cpp in Sources */,
				A9BBB6F31EC4617400CCBB83 /* display.cpp in Sources */,
				A9BBB6EA1EC4610600CCBB83 /* simple_bus.cpp in Sources */,
				A9BBB6EB1EC4610600CCBB83 /* sub_processor.cpp in Sources */,
				A938F5941EA7CB910061C73A /* moduleOne.cpp in Sources */,
				A9BBB6E51EC4610600CCBB83 /* processor.cpp in Sources */,
				A9BBB6E71EC4610600CCBB83 /* simple_bus_arbiter.cpp in Sources */,
				A9BBB6EC1EC4610600CCBB83 /* top.cpp in Sources */,
				A9BBB6E61EC4610600CCBB83 /* sc_main.cpp in Sources */,
				A90205471EA6BE3E0001CDCD /* main.cpp in Sources */,
				A9BBB6EF1EC4615B00CCBB83 /* main_processor.cpp in Sources */,
			);
			runOnlyForDeploymentPostprocessing = 0;
		};
/* End PBXSourcesBuildPhase section */

/* Begin XCBuildConfiguration section */
		A90205481EA6BE3E0001CDCD /* Debug */ = {
			isa = XCBuildConfiguration;
			buildSettings = {
				ALWAYS_SEARCH_USER_PATHS = NO;
				CLANG_ANALYZER_NONNULL = YES;
				CLANG_CXX_LANGUAGE_STANDARD = "gnu++0x";
				CLANG_CXX_LIBRARY = "libc++";
				CLANG_ENABLE_MODULES = YES;
				CLANG_ENABLE_OBJC_ARC = YES;
				CLANG_WARN_BOOL_CONVERSION = YES;
				CLANG_WARN_CONSTANT_CONVERSION = YES;
				CLANG_WARN_DIRECT_OBJC_ISA_USAGE = YES_ERROR;
				CLANG_WARN_DOCUMENTATION_COMMENTS = YES;
				CLANG_WARN_EMPTY_BODY = YES;
				CLANG_WARN_ENUM_CONVERSION = YES;
				CLANG_WARN_INFINITE_RECURSION = YES;
				CLANG_WARN_INT_CONVERSION = YES;
				CLANG_WARN_OBJC_ROOT_CLASS = YES_ERROR;
				CLANG_WARN_SUSPICIOUS_MOVES = YES;
				CLANG_WARN_UNREACHABLE_CODE = YES;
				CLANG_WARN__DUPLICATE_METHOD_MATCH = YES;
				CODE_SIGN_IDENTITY = "-";
				COPY_PHASE_STRIP = NO;
				DEBUG_INFORMATION_FORMAT = dwarf;
				ENABLE_STRICT_OBJC_MSGSEND = YES;
				ENABLE_TESTABILITY = YES;
				GCC_C_LANGUAGE_STANDARD = gnu99;
				GCC_DYNAMIC_NO_PIC = NO;
				GCC_NO_COMMON_BLOCKS = YES;
				GCC_OPTIMIZATION_LEVEL = 0;
				GCC_PREPROCESSOR_DEFINITIONS = (
					"DEBUG=1",
					"$(inherited)",
				);
				GCC_WARN_64_TO_32_BIT_CONVERSION = YES;
				GCC_WARN_ABOUT_RETURN_TYPE = YES_ERROR;
				GCC_WARN_UNDECLARED_SELECTOR = YES;
				GCC_WARN_UNINITIALIZED_AUTOS = YES_AGGRESSIVE;
				GCC_WARN_UNUSED_FUNCTION = YES;
				GCC_WARN_UNUSED_VARIABLE = YES;
				MACOSX_DEPLOYMENT_TARGET = 10.12;
				MTL_ENABLE_DEBUG_INFO = YES;
				ONLY_ACTIVE_ARCH = YES;
				SDKROOT = macosx;
			};
			name = Debug;
		};
		A90205491EA6BE3E0001CDCD /* Release */ = {
			isa = XCBuildConfiguration;
			buildSettings = {
				ALWAYS_SEARCH_USER_PATHS = NO;
				CLANG_ANALYZER_NONNULL = YES;
				CLANG_CXX_LANGUAGE_STANDARD = "gnu++0x";
				CLANG_CXX_LIBRARY = "libc++";
				CLANG_ENABLE_MODULES = YES;
				CLANG_ENABLE_OBJC_ARC = YES;
				CLANG_WARN_BOOL_CONVERSION = YES;
				CLANG_WARN_CONSTANT_CONVERSION = YES;
				CLANG_WARN_DIRECT_OBJC_ISA_USAGE = YES_ERROR;
				CLANG_WARN_DOCUMENTATION_COMMENTS = YES;
				CLANG_WARN_EMPTY_BODY = YES;
				CLANG_WARN_ENUM_CONVERSION = YES;
				CLANG_WARN_INFINITE_RECURSION = YES;
				CLANG_WARN_INT_CONVERSION = YES;
				CLANG_WARN_OBJC_ROOT_CLASS = YES_ERROR;
				CLANG_WARN_SUSPICIOUS_MOVES = YES;
				CLANG_WARN_UNREACHABLE_CODE = YES;
				CLANG_WARN__DUPLICATE_METHOD_MATCH = YES;
				CODE_SIGN_IDENTITY = "-";
				COPY_PHASE_STRIP = NO;
				DEBUG_INFORMATION_FORMAT = "dwarf-with-dsym";
				ENABLE_NS_ASSERTIONS = NO;
				ENABLE_STRICT_OBJC_MSGSEND = YES;
				GCC_C_LANGUAGE_STANDARD = gnu99;
				GCC_NO_COMMON_BLOCKS = YES;
				GCC_WARN_64_TO_32_BIT_CONVERSION = YES;
				GCC_WARN_ABOUT_RETURN_TYPE = YES_ERROR;
				GCC_WARN_UNDECLARED_SELECTOR = YES;
				GCC_WARN_UNINITIALIZED_AUTOS = YES_AGGRESSIVE;
				GCC_WARN_UNUSED_FUNCTION = YES;
				GCC_WARN_UNUSED_VARIABLE = YES;
				MACOSX_DEPLOYMENT_TARGET = 10.12;
				MTL_ENABLE_DEBUG_INFO = NO;
				SDKROOT = macosx;
			};
			name = Release;
		};
		A902054B1EA6BE3E0001CDCD /* Debug */ = {
			isa = XCBuildConfiguration;
			buildSettings = {
				DEVELOPMENT_TEAM = 3X76KZ62FY;
				HEADER_SEARCH_PATHS = /usr/local/systemc231a/include;
				LIBRARY_SEARCH_PATHS = (
					"$(inherited)",
					"/usr/local/systemc231a/lib-macosx64",
				);
				OTHER_LDFLAGS = "-lncurses";
				PRODUCT_NAME = "$(TARGET_NAME)";
			};
			name = Debug;
		};
		A902054C1EA6BE3E0001CDCD /* Release */ = {
			isa = XCBuildConfiguration;
			buildSettings = {
				DEVELOPMENT_TEAM = 3X76KZ62FY;
				HEADER_SEARCH_PATHS = /usr/local/systemc231a/include;
				LIBRARY_SEARCH_PATHS = (
					"$(inherited)",
					"/usr/local/systemc231a/lib-macosx64",
				);
				OTHER_LDFLAGS = "-lncurses";
				PRODUCT_NAME = "$(TARGET_NAME)";
			};
			name = Release;
		};
/* End XCBuildConfiguration section */

/* Begin XCConfigurationList section */
		A902053E1EA6BE3D0001CDCD /* Build configuration list for PBXProject "SW_PROJECT" */ = {
			isa = XCConfigurationList;
			buildConfigurations = (
				A90205481EA6BE3E0001CDCD /* Debug */,
				A90205491EA6BE3E0001CDCD /* Release */,
			);
			defaultConfigurationIsVisible = 0;
			defaultConfigurationName = Release;
		};
		A902054A1EA6BE3E0001CDCD /* Build configuration list for PBXNativeTarget "SW_PROJECT" */ = {
			isa = XCConfigurationList;
			buildConfigurations = (
				A902054B1EA6BE3E0001CDCD /* Debug */,
				A902054C1EA6BE3E0001CDCD /* Release */,
			);
			defaultConfigurationIsVisible = 0;
			defaultConfigurationName = Release;
		};
/* End XCConfigurationList section */
	};
	rootObject = A902053B1EA6BE3D0001CDCD /* Project object */;
}
